
Microsoft Visual Studio Solution File, Format Version 12.00
# Visual Studio 15
Project("{FAE04EC0-301F-11D3-BF4B-00C04F79EFBC}") = "Attributes", "Assembly-CSharp.csproj", "{256DC0CC-3C85-85EC-6014-008713D49549}"
EndProject
Global
	GlobalSection(SolutionConfigurationPlatforms) = preSolution
		Debug|Any CPU = Debug|Any CPU
		Release|Any CPU = Release|Any CPU
	EndGlobalSection
	GlobalSection(ProjectConfigurationPlatforms) = postSolution
		{256DC0CC-3C85-85EC-6014-008713D49549}.Debug|Any CPU.ActiveCfg = Debug|Any CPU
		{256DC0CC-3C85-85EC-6014-008713D49549}.Debug|Any CPU.Build.0 = Debug|Any CPU
		{256DC0CC-3C85-85EC-6014-008713D49549}.Release|Any CPU.ActiveCfg = Release|Any CPU
		{256DC0CC-3C85-85EC-6014-008713D49549}.Release|Any CPU.Build.0 = Release|Any CPU
	EndGlobalSection
	GlobalSection(SolutionProperties) = preSolution
		HideSolutionNode = FALSE
	EndGlobalSection
EndGlobal
